// !$*UTF8*$!
{
	archiveVersion = 1;
	classes = {
	};
	objectVersion = 46;
	objects = {

/* Begin PBXBuildFile section */
		222259C61BCEE20F003D0857 /* DRscrollUpButton.m in Sources */ = {isa = PBXBuildFile; fileRef = 222259C51BCEE20F003D0857 /* DRscrollUpButton.m */; };
		222259C91BCF486D003D0857 /* DRScrollDownButton.m in Sources */ = {isa = PBXBuildFile; fileRef = 222259C81BCF486D003D0857 /* DRScrollDownButton.m */; };
		222DFD511BA2A220001E6BCE /* noteSml.png in Resources */ = {isa = PBXBuildFile; fileRef = 222DFD501BA2A220001E6BCE /* noteSml.png */; };
		222DFD531BA2A387001E6BCE /* noteMd.png in Resources */ = {isa = PBXBuildFile; fileRef = 222DFD521BA2A387001E6BCE /* noteMd.png */; };
		222DFD5C1BA64C4F001E6BCE /* GVMusicPlayerController.m in Sources */ = {isa = PBXBuildFile; fileRef = 222DFD5B1BA64C4F001E6BCE /* GVMusicPlayerController.m */; };
		2240D21C1B9E8E9700B84FD4 /* DRPlayerUtility.m in Sources */ = {isa = PBXBuildFile; fileRef = 2240D21B1B9E8E9700B84FD4 /* DRPlayerUtility.m */; };
		2240D22B1B9F6E1F00B84FD4 /* DRScrollingContainerController.m in Sources */ = {isa = PBXBuildFile; fileRef = 2240D22A1B9F6E1F00B84FD4 /* DRScrollingContainerController.m */; };
		2240D22E1B9F75AE00B84FD4 /* DRSlider.m in Sources */ = {isa = PBXBuildFile; fileRef = 2240D22D1B9F75AE00B84FD4 /* DRSlider.m */; };
		22450D081BA9E8DA00ECBA4E /* loop2.png in Resources */ = {isa = PBXBuildFile; fileRef = 22450D051BA9E8DA00ECBA4E /* loop2.png */; };
		22450D0A1BA9E8DA00ECBA4E /* loop3.png in Resources */ = {isa = PBXBuildFile; fileRef = 22450D071BA9E8DA00ECBA4E /* loop3.png */; };
		224967161B94E6AE0080CDE4 /* DRArtistTableViewController.m in Sources */ = {isa = PBXBuildFile; fileRef = 224967151B94E6AE0080CDE4 /* DRArtistTableViewController.m */; };
		224967281B95FAB10080CDE4 /* DRMediaTableViewController.m in Sources */ = {isa = PBXBuildFile; fileRef = 224967271B95FAB10080CDE4 /* DRMediaTableViewController.m */; };
		224967311B9611100080CDE4 /* DRTableViewCell.m in Sources */ = {isa = PBXBuildFile; fileRef = 224967301B9611100080CDE4 /* DRTableViewCell.m */; };
		2249674A1B96B7F40080CDE4 /* DRScrollViewPassThrough.m in Sources */ = {isa = PBXBuildFile; fileRef = 224967491B96B7F40080CDE4 /* DRScrollViewPassThrough.m */; };
		224D4D311BB0A1DD0082CE2E /* AppIcon.appiconset in Resources */ = {isa = PBXBuildFile; fileRef = 224D4D301BB0A1DD0082CE2E /* AppIcon.appiconset */; };
		224D4D331BB57F790082CE2E /* loop1.png in Resources */ = {isa = PBXBuildFile; fileRef = 224D4D321BB57F790082CE2E /* loop1.png */; };
		224F76A41B6C289600BC7B73 /* main.m in Sources */ = {isa = PBXBuildFile; fileRef = 224F76A31B6C289600BC7B73 /* main.m */; };
		224F76A71B6C289600BC7B73 /* AppDelegate.m in Sources */ = {isa = PBXBuildFile; fileRef = 224F76A61B6C289600BC7B73 /* AppDelegate.m */; };
		224F76AD1B6C289600BC7B73 /* Main.storyboard in Resources */ = {isa = PBXBuildFile; fileRef = 224F76AB1B6C289600BC7B73 /* Main.storyboard */; };
		224F76B21B6C289600BC7B73 /* LaunchScreen.xib in Resources */ = {isa = PBXBuildFile; fileRef = 224F76B01B6C289600BC7B73 /* LaunchScreen.xib */; };
		224F76CC1B6D63B900BC7B73 /* DRMusicViewController.m in Sources */ = {isa = PBXBuildFile; fileRef = 224F76CB1B6D63B900BC7B73 /* DRMusicViewController.m */; };
		224F76D11B6D6F1400BC7B73 /* MediaPlayer.framework in Frameworks */ = {isa = PBXBuildFile; fileRef = 224F76D01B6D6F1400BC7B73 /* MediaPlayer.framework */; };
		22566E6F1BB8752A002DE410 /* musicScreenshot.png in Resources */ = {isa = PBXBuildFile; fileRef = 22566E6E1BB8752A002DE410 /* musicScreenshot.png */; };
		226C739C1B9B279300851E12 /* DRFirstViewController.m in Sources */ = {isa = PBXBuildFile; fileRef = 226C739B1B9B279300851E12 /* DRFirstViewController.m */; };
		226C73A51B9B27B600851E12 /* DRRewindButton.m in Sources */ = {isa = PBXBuildFile; fileRef = 226C739E1B9B27B600851E12 /* DRRewindButton.m */; };
		226C73A61B9B27B600851E12 /* DRForwardButton.m in Sources */ = {isa = PBXBuildFile; fileRef = 226C73A01B9B27B600851E12 /* DRForwardButton.m */; };
		226C73A71B9B27B600851E12 /* DRPauseButton.m in Sources */ = {isa = PBXBuildFile; fileRef = 226C73A21B9B27B600851E12 /* DRPauseButton.m */; };
		226C73A81B9B27B600851E12 /* DRPlayButton.m in Sources */ = {isa = PBXBuildFile; fileRef = 226C73A41B9B27B600851E12 /* DRPlayButton.m */; };
		22A2CB531BA053F50009D1F2 /* DRAlbumTableViewController.m in Sources */ = {isa = PBXBuildFile; fileRef = 22A2CB521BA053F50009D1F2 /* DRAlbumTableViewController.m */; };
		22A2CB5C1BA1A4BA0009D1F2 /* DRSection.m in Sources */ = {isa = PBXBuildFile; fileRef = 22A2CB5B1BA1A4BA0009D1F2 /* DRSection.m */; };
		22E6DC1B1BC98A3000DBBCB8 /* shuffle2.png in Resources */ = {isa = PBXBuildFile; fileRef = 22E6DC1A1BC98A3000DBBCB8 /* shuffle2.png */; };
		22FDEF941B700AFC00B5DF13 /* Images.xcassets in Resources */ = {isa = PBXBuildFile; fileRef = 22FDEF931B700AFC00B5DF13 /* Images.xcassets */; };
		22FDEFEB1B730EE400B5DF13 /* Icon2.png in Resources */ = {isa = PBXBuildFile; fileRef = 22FDEFEA1B730EE400B5DF13 /* Icon2.png */; };
		22FDEFED1B730F5D00B5DF13 /* Note.png in Resources */ = {isa = PBXBuildFile; fileRef = 22FDEFEC1B730F5D00B5DF13 /* Note.png */; };
		22FDEFEF1B7371F000B5DF13 /* noteBW.png in Resources */ = {isa = PBXBuildFile; fileRef = 22FDEFEE1B7371F000B5DF13 /* noteBW.png */; };
/* End PBXBuildFile section */

/* Begin PBXContainerItemProxy section */
		224F76B81B6C289600BC7B73 /* PBXContainerItemProxy */ = {
			isa = PBXContainerItemProxy;
			containerPortal = 224F76961B6C289600BC7B73 /* Project object */;
			proxyType = 1;
			remoteGlobalIDString = 224F769D1B6C289600BC7B73;
			remoteInfo = "Simple-Music-Player";
		};
/* End PBXContainerItemProxy section */

/* Begin PBXFileReference section */
		222259C41BCEE20F003D0857 /* DRscrollUpButton.h */ = {isa = PBXFileReference; fileEncoding = 4; lastKnownFileType = sourcecode.c.h; path = DRscrollUpButton.h; sourceTree = "<group>"; };
		222259C51BCEE20F003D0857 /* DRscrollUpButton.m */ = {isa = PBXFileReference; fileEncoding = 4; lastKnownFileType = sourcecode.c.objc; path = DRscrollUpButton.m; sourceTree = "<group>"; };
		222259C71BCF486D003D0857 /* DRScrollDownButton.h */ = {isa = PBXFileReference; fileEncoding = 4; lastKnownFileType = sourcecode.c.h; path = DRScrollDownButton.h; sourceTree = "<group>"; };
		222259C81BCF486D003D0857 /* DRScrollDownButton.m */ = {isa = PBXFileReference; fileEncoding = 4; lastKnownFileType = sourcecode.c.objc; path = DRScrollDownButton.m; sourceTree = "<group>"; };
		222DFD501BA2A220001E6BCE /* noteSml.png */ = {isa = PBXFileReference; lastKnownFileType = image.png; path = noteSml.png; sourceTree = "<group>"; };
		222DFD521BA2A387001E6BCE /* noteMd.png */ = {isa = PBXFileReference; lastKnownFileType = image.png; path = noteMd.png; sourceTree = "<group>"; };
		222DFD5A1BA64C4F001E6BCE /* GVMusicPlayerController.h */ = {isa = PBXFileReference; fileEncoding = 4; lastKnownFileType = sourcecode.c.h; path = GVMusicPlayerController.h; sourceTree = "<group>"; };
		222DFD5B1BA64C4F001E6BCE /* GVMusicPlayerController.m */ = {isa = PBXFileReference; fileEncoding = 4; lastKnownFileType = sourcecode.c.objc; path = GVMusicPlayerController.m; sourceTree = "<group>"; };
		2240D21A1B9E8E9700B84FD4 /* DRPlayerUtility.h */ = {isa = PBXFileReference; fileEncoding = 4; lastKnownFileType = sourcecode.c.h; path = DRPlayerUtility.h; sourceTree = "<group>"; };
		2240D21B1B9E8E9700B84FD4 /* DRPlayerUtility.m */ = {isa = PBXFileReference; fileEncoding = 4; lastKnownFileType = sourcecode.c.objc; path = DRPlayerUtility.m; sourceTree = "<group>"; };
		2240D2291B9F6E1F00B84FD4 /* DRScrollingContainerController.h */ = {isa = PBXFileReference; fileEncoding = 4; lastKnownFileType = sourcecode.c.h; path = DRScrollingContainerController.h; sourceTree = "<group>"; };
		2240D22A1B9F6E1F00B84FD4 /* DRScrollingContainerController.m */ = {isa = PBXFileReference; fileEncoding = 4; lastKnownFileType = sourcecode.c.objc; path = DRScrollingContainerController.m; sourceTree = "<group>"; };
		2240D22C1B9F75AE00B84FD4 /* DRSlider.h */ = {isa = PBXFileReference; fileEncoding = 4; lastKnownFileType = sourcecode.c.h; path = DRSlider.h; sourceTree = "<group>"; };
		2240D22D1B9F75AE00B84FD4 /* DRSlider.m */ = {isa = PBXFileReference; fileEncoding = 4; lastKnownFileType = sourcecode.c.objc; path = DRSlider.m; sourceTree = "<group>"; };
		22450D051BA9E8DA00ECBA4E /* loop2.png */ = {isa = PBXFileReference; lastKnownFileType = image.png; path = loop2.png; sourceTree = "<group>"; };
		22450D071BA9E8DA00ECBA4E /* loop3.png */ = {isa = PBXFileReference; lastKnownFileType = image.png; path = loop3.png; sourceTree = "<group>"; };
		224967141B94E6AE0080CDE4 /* DRArtistTableViewController.h */ = {isa = PBXFileReference; fileEncoding = 4; lastKnownFileType = sourcecode.c.h; path = DRArtistTableViewController.h; sourceTree = "<group>"; };
		224967151B94E6AE0080CDE4 /* DRArtistTableViewController.m */ = {isa = PBXFileReference; fileEncoding = 4; lastKnownFileType = sourcecode.c.objc; path = DRArtistTableViewController.m; sourceTree = "<group>"; };
		224967261B95FAB10080CDE4 /* DRMediaTableViewController.h */ = {isa = PBXFileReference; fileEncoding = 4; lastKnownFileType = sourcecode.c.h; path = DRMediaTableViewController.h; sourceTree = "<group>"; };
		224967271B95FAB10080CDE4 /* DRMediaTableViewController.m */ = {isa = PBXFileReference; fileEncoding = 4; lastKnownFileType = sourcecode.c.objc; path = DRMediaTableViewController.m; sourceTree = "<group>"; };
		2249672F1B9611100080CDE4 /* DRTableViewCell.h */ = {isa = PBXFileReference; fileEncoding = 4; lastKnownFileType = sourcecode.c.h; path = DRTableViewCell.h; sourceTree = "<group>"; };
		224967301B9611100080CDE4 /* DRTableViewCell.m */ = {isa = PBXFileReference; fileEncoding = 4; lastKnownFileType = sourcecode.c.objc; path = DRTableViewCell.m; sourceTree = "<group>"; };
		224967481B96B7F40080CDE4 /* DRScrollViewPassThrough.h */ = {isa = PBXFileReference; fileEncoding = 4; lastKnownFileType = sourcecode.c.h; path = DRScrollViewPassThrough.h; sourceTree = "<group>"; };
		224967491B96B7F40080CDE4 /* DRScrollViewPassThrough.m */ = {isa = PBXFileReference; fileEncoding = 4; lastKnownFileType = sourcecode.c.objc; path = DRScrollViewPassThrough.m; sourceTree = "<group>"; };
		224D4D301BB0A1DD0082CE2E /* AppIcon.appiconset */ = {isa = PBXFileReference; lastKnownFileType = folder; name = AppIcon.appiconset; path = Media.xcassets/AppIcon.appiconset; sourceTree = "<group>"; };
		224D4D321BB57F790082CE2E /* loop1.png */ = {isa = PBXFileReference; lastKnownFileType = image.png; path = loop1.png; sourceTree = "<group>"; };
		224F769E1B6C289600BC7B73 /* Simple-Music-Player.app */ = {isa = PBXFileReference; explicitFileType = wrapper.application; includeInIndex = 0; path = "Simple-Music-Player.app"; sourceTree = BUILT_PRODUCTS_DIR; };
		224F76A21B6C289600BC7B73 /* Info.plist */ = {isa = PBXFileReference; lastKnownFileType = text.plist.xml; path = Info.plist; sourceTree = "<group>"; };
		224F76A31B6C289600BC7B73 /* main.m */ = {isa = PBXFileReference; lastKnownFileType = sourcecode.c.objc; path = main.m; sourceTree = "<group>"; };
		224F76A51B6C289600BC7B73 /* AppDelegate.h */ = {isa = PBXFileReference; lastKnownFileType = sourcecode.c.h; path = AppDelegate.h; sourceTree = "<group>"; };
		224F76A61B6C289600BC7B73 /* AppDelegate.m */ = {isa = PBXFileReference; lastKnownFileType = sourcecode.c.objc; path = AppDelegate.m; sourceTree = "<group>"; };
		224F76AC1B6C289600BC7B73 /* Base */ = {isa = PBXFileReference; lastKnownFileType = file.storyboard; name = Base; path = Base.lproj/Main.storyboard; sourceTree = "<group>"; };
		224F76B11B6C289600BC7B73 /* Base */ = {isa = PBXFileReference; lastKnownFileType = file.xib; name = Base; path = Base.lproj/LaunchScreen.xib; sourceTree = "<group>"; };
		224F76B71B6C289600BC7B73 /* Simple-Music-PlayerTests.xctest */ = {isa = PBXFileReference; explicitFileType = wrapper.cfbundle; includeInIndex = 0; path = "Simple-Music-PlayerTests.xctest"; sourceTree = BUILT_PRODUCTS_DIR; };
		224F76CA1B6D63B900BC7B73 /* DRMusicViewController.h */ = {isa = PBXFileReference; fileEncoding = 4; lastKnownFileType = sourcecode.c.h; path = DRMusicViewController.h; sourceTree = "<group>"; };
		224F76CB1B6D63B900BC7B73 /* DRMusicViewController.m */ = {isa = PBXFileReference; fileEncoding = 4; lastKnownFileType = sourcecode.c.objc; path = DRMusicViewController.m; sourceTree = "<group>"; };
		224F76D01B6D6F1400BC7B73 /* MediaPlayer.framework */ = {isa = PBXFileReference; lastKnownFileType = wrapper.framework; name = MediaPlayer.framework; path = System/Library/Frameworks/MediaPlayer.framework; sourceTree = SDKROOT; };
		22566E6E1BB8752A002DE410 /* musicScreenshot.png */ = {isa = PBXFileReference; lastKnownFileType = image.png; path = musicScreenshot.png; sourceTree = "<group>"; };
		226C739A1B9B279300851E12 /* DRFirstViewController.h */ = {isa = PBXFileReference; fileEncoding = 4; lastKnownFileType = sourcecode.c.h; path = DRFirstViewController.h; sourceTree = "<group>"; };
		226C739B1B9B279300851E12 /* DRFirstViewController.m */ = {isa = PBXFileReference; fileEncoding = 4; lastKnownFileType = sourcecode.c.objc; path = DRFirstViewController.m; sourceTree = "<group>"; };
		226C739D1B9B27B600851E12 /* DRRewindButton.h */ = {isa = PBXFileReference; fileEncoding = 4; lastKnownFileType = sourcecode.c.h; path = DRRewindButton.h; sourceTree = "<group>"; };
		226C739E1B9B27B600851E12 /* DRRewindButton.m */ = {isa = PBXFileReference; fileEncoding = 4; lastKnownFileType = sourcecode.c.objc; path = DRRewindButton.m; sourceTree = "<group>"; };
		226C739F1B9B27B600851E12 /* DRForwardButton.h */ = {isa = PBXFileReference; fileEncoding = 4; lastKnownFileType = sourcecode.c.h; path = DRForwardButton.h; sourceTree = "<group>"; };
		226C73A01B9B27B600851E12 /* DRForwardButton.m */ = {isa = PBXFileReference; fileEncoding = 4; lastKnownFileType = sourcecode.c.objc; path = DRForwardButton.m; sourceTree = "<group>"; };
		226C73A11B9B27B600851E12 /* DRPauseButton.h */ = {isa = PBXFileReference; fileEncoding = 4; lastKnownFileType = sourcecode.c.h; path = DRPauseButton.h; sourceTree = "<group>"; };
		226C73A21B9B27B600851E12 /* DRPauseButton.m */ = {isa = PBXFileReference; fileEncoding = 4; lastKnownFileType = sourcecode.c.objc; path = DRPauseButton.m; sourceTree = "<group>"; };
		226C73A31B9B27B600851E12 /* DRPlayButton.h */ = {isa = PBXFileReference; fileEncoding = 4; lastKnownFileType = sourcecode.c.h; path = DRPlayButton.h; sourceTree = "<group>"; };
		226C73A41B9B27B600851E12 /* DRPlayButton.m */ = {isa = PBXFileReference; fileEncoding = 4; lastKnownFileType = sourcecode.c.objc; path = DRPlayButton.m; sourceTree = "<group>"; };
		22A2CB511BA053F50009D1F2 /* DRAlbumTableViewController.h */ = {isa = PBXFileReference; fileEncoding = 4; lastKnownFileType = sourcecode.c.h; path = DRAlbumTableViewController.h; sourceTree = "<group>"; };
		22A2CB521BA053F50009D1F2 /* DRAlbumTableViewController.m */ = {isa = PBXFileReference; fileEncoding = 4; lastKnownFileType = sourcecode.c.objc; path = DRAlbumTableViewController.m; sourceTree = "<group>"; };
		22A2CB5A1BA1A4BA0009D1F2 /* DRSection.h */ = {isa = PBXFileReference; fileEncoding = 4; lastKnownFileType = sourcecode.c.h; path = DRSection.h; sourceTree = "<group>"; };
		22A2CB5B1BA1A4BA0009D1F2 /* DRSection.m */ = {isa = PBXFileReference; fileEncoding = 4; lastKnownFileType = sourcecode.c.objc; path = DRSection.m; sourceTree = "<group>"; };
		22E6DC1A1BC98A3000DBBCB8 /* shuffle2.png */ = {isa = PBXFileReference; lastKnownFileType = image.png; path = shuffle2.png; sourceTree = "<group>"; };
		22FDEF931B700AFC00B5DF13 /* Images.xcassets */ = {isa = PBXFileReference; lastKnownFileType = folder.assetcatalog; path = Images.xcassets; sourceTree = "<group>"; };
		22FDEFEA1B730EE400B5DF13 /* Icon2.png */ = {isa = PBXFileReference; lastKnownFileType = image.png; path = Icon2.png; sourceTree = "<group>"; };
		22FDEFEC1B730F5D00B5DF13 /* Note.png */ = {isa = PBXFileReference; lastKnownFileType = image.png; path = Note.png; sourceTree = "<group>"; };
		22FDEFEE1B7371F000B5DF13 /* noteBW.png */ = {isa = PBXFileReference; lastKnownFileType = image.png; path = noteBW.png; sourceTree = "<group>"; };
/* End PBXFileReference section */

/* Begin PBXFrameworksBuildPhase section */
		224F769B1B6C289600BC7B73 /* Frameworks */ = {
			isa = PBXFrameworksBuildPhase;
			buildActionMask = 2147483647;
			files = (
				224F76D11B6D6F1400BC7B73 /* MediaPlayer.framework in Frameworks */,
			);
			runOnlyForDeploymentPostprocessing = 0;
		};
		224F76B41B6C289600BC7B73 /* Frameworks */ = {
			isa = PBXFrameworksBuildPhase;
			buildActionMask = 2147483647;
			files = (
			);
			runOnlyForDeploymentPostprocessing = 0;
		};
/* End PBXFrameworksBuildPhase section */

/* Begin PBXGroup section */
		2249674B1B96B8080080CDE4 /* Vew Controllers */ = {
			isa = PBXGroup;
			children = (
				2240D2291B9F6E1F00B84FD4 /* DRScrollingContainerController.h */,
				2240D22A1B9F6E1F00B84FD4 /* DRScrollingContainerController.m */,
				226C739A1B9B279300851E12 /* DRFirstViewController.h */,
				226C739B1B9B279300851E12 /* DRFirstViewController.m */,
				224F76CA1B6D63B900BC7B73 /* DRMusicViewController.h */,
				224F76CB1B6D63B900BC7B73 /* DRMusicViewController.m */,
				22A2CB511BA053F50009D1F2 /* DRAlbumTableViewController.h */,
				22A2CB521BA053F50009D1F2 /* DRAlbumTableViewController.m */,
				224967141B94E6AE0080CDE4 /* DRArtistTableViewController.h */,
				224967151B94E6AE0080CDE4 /* DRArtistTableViewController.m */,
				2240D21A1B9E8E9700B84FD4 /* DRPlayerUtility.h */,
				2240D21B1B9E8E9700B84FD4 /* DRPlayerUtility.m */,
				224967261B95FAB10080CDE4 /* DRMediaTableViewController.h */,
				224967271B95FAB10080CDE4 /* DRMediaTableViewController.m */,
			);
			name = "Vew Controllers";
			sourceTree = "<group>";
		};
		2249674C1B96B81A0080CDE4 /* Categories and Overrides */ = {
			isa = PBXGroup;
			children = (
				2240D22C1B9F75AE00B84FD4 /* DRSlider.h */,
				2240D22D1B9F75AE00B84FD4 /* DRSlider.m */,
				224967481B96B7F40080CDE4 /* DRScrollViewPassThrough.h */,
				224967491B96B7F40080CDE4 /* DRScrollViewPassThrough.m */,
				2249672F1B9611100080CDE4 /* DRTableViewCell.h */,
				224967301B9611100080CDE4 /* DRTableViewCell.m */,
				226C739D1B9B27B600851E12 /* DRRewindButton.h */,
				226C739E1B9B27B600851E12 /* DRRewindButton.m */,
				226C739F1B9B27B600851E12 /* DRForwardButton.h */,
				226C73A01B9B27B600851E12 /* DRForwardButton.m */,
				226C73A11B9B27B600851E12 /* DRPauseButton.h */,
				226C73A21B9B27B600851E12 /* DRPauseButton.m */,
				226C73A31B9B27B600851E12 /* DRPlayButton.h */,
				226C73A41B9B27B600851E12 /* DRPlayButton.m */,
				222259C41BCEE20F003D0857 /* DRscrollUpButton.h */,
				222259C51BCEE20F003D0857 /* DRscrollUpButton.m */,
				222259C71BCF486D003D0857 /* DRScrollDownButton.h */,
				222259C81BCF486D003D0857 /* DRScrollDownButton.m */,
			);
			name = "Categories and Overrides";
			sourceTree = "<group>";
		};
		224F76951B6C289600BC7B73 = {
			isa = PBXGroup;
			children = (
				224F76A01B6C289600BC7B73 /* Simple-Music-Player */,
				224F76CF1B6D6EE800BC7B73 /* Frameworks */,
				224F769F1B6C289600BC7B73 /* Products */,
				FF1A18DFB36DB9EBCEF95722 /* Pods */,
			);
			sourceTree = "<group>";
		};
		224F769F1B6C289600BC7B73 /* Products */ = {
			isa = PBXGroup;
			children = (
				224F769E1B6C289600BC7B73 /* Simple-Music-Player.app */,
				224F76B71B6C289600BC7B73 /* Simple-Music-PlayerTests.xctest */,
			);
			name = Products;
			sourceTree = "<group>";
		};
		224F76A01B6C289600BC7B73 /* Simple-Music-Player */ = {
			isa = PBXGroup;
			children = (
				224F76AB1B6C289600BC7B73 /* Main.storyboard */,
				22A2CB5A1BA1A4BA0009D1F2 /* DRSection.h */,
				22A2CB5B1BA1A4BA0009D1F2 /* DRSection.m */,
				222DFD5A1BA64C4F001E6BCE /* GVMusicPlayerController.h */,
				222DFD5B1BA64C4F001E6BCE /* GVMusicPlayerController.m */,
				2249674B1B96B8080080CDE4 /* Vew Controllers */,
				2249674C1B96B81A0080CDE4 /* Categories and Overrides */,
				224F76B01B6C289600BC7B73 /* LaunchScreen.xib */,
				224F76A11B6C289600BC7B73 /* Supporting Files */,
				22FDEF931B700AFC00B5DF13 /* Images.xcassets */,
				224D4D321BB57F790082CE2E /* loop1.png */,
				22450D051BA9E8DA00ECBA4E /* loop2.png */,
				22450D071BA9E8DA00ECBA4E /* loop3.png */,
				22E6DC1A1BC98A3000DBBCB8 /* shuffle2.png */,
				224D4D301BB0A1DD0082CE2E /* AppIcon.appiconset */,
				22FDEFEC1B730F5D00B5DF13 /* Note.png */,
				222DFD501BA2A220001E6BCE /* noteSml.png */,
				22FDEFEA1B730EE400B5DF13 /* Icon2.png */,
				22566E6E1BB8752A002DE410 /* musicScreenshot.png */,
				22FDEFEE1B7371F000B5DF13 /* noteBW.png */,
				222DFD521BA2A387001E6BCE /* noteMd.png */,
			);
			path = "Simple-Music-Player";
			sourceTree = "<group>";
		};
		224F76A11B6C289600BC7B73 /* Supporting Files */ = {
			isa = PBXGroup;
			children = (
				224F76A51B6C289600BC7B73 /* AppDelegate.h */,
				224F76A61B6C289600BC7B73 /* AppDelegate.m */,
				224F76A21B6C289600BC7B73 /* Info.plist */,
				224F76A31B6C289600BC7B73 /* main.m */,
			);
			name = "Supporting Files";
			sourceTree = "<group>";
		};
		224F76CF1B6D6EE800BC7B73 /* Frameworks */ = {
			isa = PBXGroup;
			children = (
				224F76D01B6D6F1400BC7B73 /* MediaPlayer.framework */,
			);
			name = Frameworks;
			path = "Simple-Music-Player";
			sourceTree = "<group>";
		};
		FF1A18DFB36DB9EBCEF95722 /* Pods */ = {
			isa = PBXGroup;
			children = (
			);
			name = Pods;
			sourceTree = "<group>";
		};
/* End PBXGroup section */

/* Begin PBXNativeTarget section */
		224F769D1B6C289600BC7B73 /* Simple-Music-Player */ = {
			isa = PBXNativeTarget;
			buildConfigurationList = 224F76C11B6C289600BC7B73 /* Build configuration list for PBXNativeTarget "Simple-Music-Player" */;
			buildPhases = (
				224F769A1B6C289600BC7B73 /* Sources */,
				224F769B1B6C289600BC7B73 /* Frameworks */,
				224F769C1B6C289600BC7B73 /* Resources */,
			);
			buildRules = (
			);
			dependencies = (
			);
			name = "Simple-Music-Player";
			productName = "Simple-Music-Player";
			productReference = 224F769E1B6C289600BC7B73 /* Simple-Music-Player.app */;
			productType = "com.apple.product-type.application";
		};
		224F76B61B6C289600BC7B73 /* Simple-Music-PlayerTests */ = {
			isa = PBXNativeTarget;
			buildConfigurationList = 224F76C41B6C289600BC7B73 /* Build configuration list for PBXNativeTarget "Simple-Music-PlayerTests" */;
			buildPhases = (
				224F76B31B6C289600BC7B73 /* Sources */,
				224F76B41B6C289600BC7B73 /* Frameworks */,
				224F76B51B6C289600BC7B73 /* Resources */,
			);
			buildRules = (
			);
			dependencies = (
				224F76B91B6C289600BC7B73 /* PBXTargetDependency */,
			);
			name = "Simple-Music-PlayerTests";
			productName = "Simple-Music-PlayerTests";
			productReference = 224F76B71B6C289600BC7B73 /* Simple-Music-PlayerTests.xctest */;
			productType = "com.apple.product-type.bundle.unit-test";
		};
/* End PBXNativeTarget section */

/* Begin PBXProject section */
		224F76961B6C289600BC7B73 /* Project object */ = {
			isa = PBXProject;
			attributes = {
				LastUpgradeCheck = 0700;
				ORGANIZATIONNAME = "David Rynn";
				TargetAttributes = {
					224F769D1B6C289600BC7B73 = {
						CreatedOnToolsVersion = 6.4;
						DevelopmentTeam = 3KR65ZULS9;
					};
					224F76B61B6C289600BC7B73 = {
						CreatedOnToolsVersion = 6.4;
						TestTargetID = 224F769D1B6C289600BC7B73;
					};
				};
			};
			buildConfigurationList = 224F76991B6C289600BC7B73 /* Build configuration list for PBXProject "Simple-Music-Player" */;
			compatibilityVersion = "Xcode 3.2";
			developmentRegion = English;
			hasScannedForEncodings = 0;
			knownRegions = (
				en,
				Base,
			);
			mainGroup = 224F76951B6C289600BC7B73;
			productRefGroup = 224F769F1B6C289600BC7B73 /* Products */;
			projectDirPath = "";
			projectRoot = "";
			targets = (
				224F769D1B6C289600BC7B73 /* Simple-Music-Player */,
				224F76B61B6C289600BC7B73 /* Simple-Music-PlayerTests */,
			);
		};
/* End PBXProject section */

/* Begin PBXResourcesBuildPhase section */
		224F769C1B6C289600BC7B73 /* Resources */ = {
			isa = PBXResourcesBuildPhase;
			buildActionMask = 2147483647;
			files = (
				224F76AD1B6C289600BC7B73 /* Main.storyboard in Resources */,
				22FDEF941B700AFC00B5DF13 /* Images.xcassets in Resources */,
				22450D081BA9E8DA00ECBA4E /* loop2.png in Resources */,
				224D4D311BB0A1DD0082CE2E /* AppIcon.appiconset in Resources */,
				22FDEFEF1B7371F000B5DF13 /* noteBW.png in Resources */,
				22E6DC1B1BC98A3000DBBCB8 /* shuffle2.png in Resources */,
				22FDEFEB1B730EE400B5DF13 /* Icon2.png in Resources */,
				222DFD531BA2A387001E6BCE /* noteMd.png in Resources */,
				22450D0A1BA9E8DA00ECBA4E /* loop3.png in Resources */,
				224D4D331BB57F790082CE2E /* loop1.png in Resources */,
				22FDEFED1B730F5D00B5DF13 /* Note.png in Resources */,
				22566E6F1BB8752A002DE410 /* musicScreenshot.png in Resources */,
				222DFD511BA2A220001E6BCE /* noteSml.png in Resources */,
				224F76B21B6C289600BC7B73 /* LaunchScreen.xib in Resources */,
			);
			runOnlyForDeploymentPostprocessing = 0;
		};
		224F76B51B6C289600BC7B73 /* Resources */ = {
			isa = PBXResourcesBuildPhase;
			buildActionMask = 2147483647;
			files = (
			);
			runOnlyForDeploymentPostprocessing = 0;
		};
/* End PBXResourcesBuildPhase section */

/* Begin PBXSourcesBuildPhase section */
		224F769A1B6C289600BC7B73 /* Sources */ = {
			isa = PBXSourcesBuildPhase;
			buildActionMask = 2147483647;
			files = (
				222259C91BCF486D003D0857 /* DRScrollDownButton.m in Sources */,
				226C73A51B9B27B600851E12 /* DRRewindButton.m in Sources */,
				224967161B94E6AE0080CDE4 /* DRArtistTableViewController.m in Sources */,
				224967311B9611100080CDE4 /* DRTableViewCell.m in Sources */,
				226C73A61B9B27B600851E12 /* DRForwardButton.m in Sources */,
				224F76A71B6C289600BC7B73 /* AppDelegate.m in Sources */,
				222259C61BCEE20F003D0857 /* DRscrollUpButton.m in Sources */,
				22A2CB531BA053F50009D1F2 /* DRAlbumTableViewController.m in Sources */,
				2240D21C1B9E8E9700B84FD4 /* DRPlayerUtility.m in Sources */,
				224F76CC1B6D63B900BC7B73 /* DRMusicViewController.m in Sources */,
				226C739C1B9B279300851E12 /* DRFirstViewController.m in Sources */,
				222DFD5C1BA64C4F001E6BCE /* GVMusicPlayerController.m in Sources */,
				2240D22B1B9F6E1F00B84FD4 /* DRScrollingContainerController.m in Sources */,
				224967281B95FAB10080CDE4 /* DRMediaTableViewController.m in Sources */,
				2249674A1B96B7F40080CDE4 /* DRScrollViewPassThrough.m in Sources */,
				226C73A81B9B27B600851E12 /* DRPlayButton.m in Sources */,
				22A2CB5C1BA1A4BA0009D1F2 /* DRSection.m in Sources */,
				226C73A71B9B27B600851E12 /* DRPauseButton.m in Sources */,
				2240D22E1B9F75AE00B84FD4 /* DRSlider.m in Sources */,
				224F76A41B6C289600BC7B73 /* main.m in Sources */,
			);
			runOnlyForDeploymentPostprocessing = 0;
		};
		224F76B31B6C289600BC7B73 /* Sources */ = {
			isa = PBXSourcesBuildPhase;
			buildActionMask = 2147483647;
			files = (
			);
			runOnlyForDeploymentPostprocessing = 0;
		};
/* End PBXSourcesBuildPhase section */

/* Begin PBXTargetDependency section */
		224F76B91B6C289600BC7B73 /* PBXTargetDependency */ = {
			isa = PBXTargetDependency;
			target = 224F769D1B6C289600BC7B73 /* Simple-Music-Player */;
			targetProxy = 224F76B81B6C289600BC7B73 /* PBXContainerItemProxy */;
		};
/* End PBXTargetDependency section */

/* Begin PBXVariantGroup section */
		224F76AB1B6C289600BC7B73 /* Main.storyboard */ = {
			isa = PBXVariantGroup;
			children = (
				224F76AC1B6C289600BC7B73 /* Base */,
			);
			name = Main.storyboard;
			sourceTree = "<group>";
		};
		224F76B01B6C289600BC7B73 /* LaunchScreen.xib */ = {
			isa = PBXVariantGroup;
			children = (
				224F76B11B6C289600BC7B73 /* Base */,
			);
			name = LaunchScreen.xib;
			sourceTree = "<group>";
		};
/* End PBXVariantGroup section */

/* Begin XCBuildConfiguration section */
		224F76BF1B6C289600BC7B73 /* Debug */ = {
			isa = XCBuildConfiguration;
			buildSettings = {
				ALWAYS_SEARCH_USER_PATHS = NO;
				CLANG_CXX_LANGUAGE_STANDARD = "gnu++0x";
				CLANG_CXX_LIBRARY = "libc++";
				CLANG_ENABLE_MODULES = YES;
				CLANG_ENABLE_OBJC_ARC = YES;
				CLANG_WARN_BOOL_CONVERSION = YES;
				CLANG_WARN_CONSTANT_CONVERSION = YES;
				CLANG_WARN_DIRECT_OBJC_ISA_USAGE = YES_ERROR;
				CLANG_WARN_EMPTY_BODY = YES;
				CLANG_WARN_ENUM_CONVERSION = YES;
				CLANG_WARN_INT_CONVERSION = YES;
				CLANG_WARN_OBJC_ROOT_CLASS = YES_ERROR;
				CLANG_WARN_UNREACHABLE_CODE = YES;
				CLANG_WARN__DUPLICATE_METHOD_MATCH = YES;
				CODE_SIGN_IDENTITY = "iPhone Developer";
				"CODE_SIGN_IDENTITY[sdk=iphoneos*]" = "iPhone Developer";
				COPY_PHASE_STRIP = NO;
				DEBUG_INFORMATION_FORMAT = "dwarf-with-dsym";
				ENABLE_STRICT_OBJC_MSGSEND = YES;
				ENABLE_TESTABILITY = YES;
				GCC_C_LANGUAGE_STANDARD = gnu99;
				GCC_DYNAMIC_NO_PIC = NO;
				GCC_NO_COMMON_BLOCKS = YES;
				GCC_OPTIMIZATION_LEVEL = 0;
				GCC_PREPROCESSOR_DEFINITIONS = (
					"DEBUG=1",
					"$(inherited)",
				);
				GCC_SYMBOLS_PRIVATE_EXTERN = NO;
				GCC_WARN_64_TO_32_BIT_CONVERSION = YES;
				GCC_WARN_ABOUT_RETURN_TYPE = YES_ERROR;
				GCC_WARN_UNDECLARED_SELECTOR = YES;
				GCC_WARN_UNINITIALIZED_AUTOS = YES_AGGRESSIVE;
				GCC_WARN_UNUSED_FUNCTION = YES;
				GCC_WARN_UNUSED_VARIABLE = YES;
				IPHONEOS_DEPLOYMENT_TARGET = 9.0;
				MTL_ENABLE_DEBUG_INFO = YES;
				ONLY_ACTIVE_ARCH = YES;
				SDKROOT = iphoneos;
				TARGETED_DEVICE_FAMILY = "1,2";
			};
			name = Debug;
		};
		224F76C01B6C289600BC7B73 /* Release */ = {
			isa = XCBuildConfiguration;
			buildSettings = {
				ALWAYS_SEARCH_USER_PATHS = NO;
				CLANG_CXX_LANGUAGE_STANDARD = "gnu++0x";
				CLANG_CXX_LIBRARY = "libc++";
				CLANG_ENABLE_MODULES = YES;
				CLANG_ENABLE_OBJC_ARC = YES;
				CLANG_WARN_BOOL_CONVERSION = YES;
				CLANG_WARN_CONSTANT_CONVERSION = YES;
				CLANG_WARN_DIRECT_OBJC_ISA_USAGE = YES_ERROR;
				CLANG_WARN_EMPTY_BODY = YES;
				CLANG_WARN_ENUM_CONVERSION = YES;
				CLANG_WARN_INT_CONVERSION = YES;
				CLANG_WARN_OBJC_ROOT_CLASS = YES_ERROR;
				CLANG_WARN_UNREACHABLE_CODE = YES;
				CLANG_WARN__DUPLICATE_METHOD_MATCH = YES;
				CODE_SIGN_IDENTITY = "iPhone Developer";
				"CODE_SIGN_IDENTITY[sdk=iphoneos*]" = "iPhone Developer";
				COPY_PHASE_STRIP = NO;
				DEBUG_INFORMATION_FORMAT = "dwarf-with-dsym";
				ENABLE_NS_ASSERTIONS = NO;
				ENABLE_STRICT_OBJC_MSGSEND = YES;
				GCC_C_LANGUAGE_STANDARD = gnu99;
				GCC_NO_COMMON_BLOCKS = YES;
				GCC_WARN_64_TO_32_BIT_CONVERSION = YES;
				GCC_WARN_ABOUT_RETURN_TYPE = YES_ERROR;
				GCC_WARN_UNDECLARED_SELECTOR = YES;
				GCC_WARN_UNINITIALIZED_AUTOS = YES_AGGRESSIVE;
				GCC_WARN_UNUSED_FUNCTION = YES;
				GCC_WARN_UNUSED_VARIABLE = YES;
				IPHONEOS_DEPLOYMENT_TARGET = 9.0;
				MTL_ENABLE_DEBUG_INFO = NO;
				SDKROOT = iphoneos;
				TARGETED_DEVICE_FAMILY = "1,2";
				VALIDATE_PRODUCT = YES;
			};
			name = Release;
		};
		224F76C21B6C289600BC7B73 /* Debug */ = {
			isa = XCBuildConfiguration;
			buildSettings = {
				ASSETCATALOG_COMPILER_APPICON_NAME = AppIcon;
				CODE_SIGN_IDENTITY = "iPhone Developer";
				"CODE_SIGN_IDENTITY[sdk=iphoneos*]" = "iPhone Developer";
				INFOPLIST_FILE = "Simple-Music-Player/Info.plist";
				IPHONEOS_DEPLOYMENT_TARGET = 9.0;
				LD_RUNPATH_SEARCH_PATHS = "$(inherited) @executable_path/Frameworks";
				PRODUCT_BUNDLE_IDENTIFIER = "edu.self.$(PRODUCT_NAME:rfc1034identifier)";
				PRODUCT_NAME = "$(TARGET_NAME)";
				PROVISIONING_PROFILE = "b339776a-4c47-45ad-b517-f24b9ea25403";
				TARGETED_DEVICE_FAMILY = "1,2";
			};
			name = Debug;
		};
		224F76C31B6C289600BC7B73 /* Release */ = {
			isa = XCBuildConfiguration;
			buildSettings = {
				ASSETCATALOG_COMPILER_APPICON_NAME = AppIcon;
				CODE_SIGN_IDENTITY = "iPhone Developer";
				"CODE_SIGN_IDENTITY[sdk=iphoneos*]" = "iPhone Distribution";
				INFOPLIST_FILE = "Simple-Music-Player/Info.plist";
				IPHONEOS_DEPLOYMENT_TARGET = 9.0;
				LD_RUNPATH_SEARCH_PATHS = "$(inherited) @executable_path/Frameworks";
				PRODUCT_BUNDLE_IDENTIFIER = "edu.self.$(PRODUCT_NAME:rfc1034identifier)";
				PRODUCT_NAME = "$(TARGET_NAME)";
				PROVISIONING_PROFILE = "b339776a-4c47-45ad-b517-f24b9ea25403";
				TARGETED_DEVICE_FAMILY = "1,2";
			};
			name = Release;
		};
		224F76C51B6C289600BC7B73 /* Debug */ = {
			isa = XCBuildConfiguration;
			buildSettings = {
				BUNDLE_LOADER = "$(TEST_HOST)";
				FRAMEWORK_SEARCH_PATHS = (
					"$(SDKROOT)/Developer/Library/Frameworks",
					"$(inherited)",
				);
				GCC_PREPROCESSOR_DEFINITIONS = (
					"DEBUG=1",
					"$(inherited)",
				);
				INFOPLIST_FILE = "Simple-Music-PlayerTests/Info.plist";
				LD_RUNPATH_SEARCH_PATHS = "$(inherited) @executable_path/Frameworks @loader_path/Frameworks";
				PRODUCT_BUNDLE_IDENTIFIER = "edu.self.$(PRODUCT_NAME:rfc1034identifier)";
				PRODUCT_NAME = "$(TARGET_NAME)";
				TEST_HOST = "$(BUILT_PRODUCTS_DIR)/Simple-Music-Player.app/Simple-Music-Player";
			};
			name = Debug;
		};
		224F76C61B6C289600BC7B73 /* Release */ = {
			isa = XCBuildConfiguration;
			buildSettings = {
				BUNDLE_LOADER = "$(TEST_HOST)";
				FRAMEWORK_SEARCH_PATHS = (
					"$(SDKROOT)/Developer/Library/Frameworks",
					"$(inherited)",
				);
				INFOPLIST_FILE = "Simple-Music-PlayerTests/Info.plist";
				LD_RUNPATH_SEARCH_PATHS = "$(inherited) @executable_path/Frameworks @loader_path/Frameworks";
				PRODUCT_BUNDLE_IDENTIFIER = "edu.self.$(PRODUCT_NAME:rfc1034identifier)";
				PRODUCT_NAME = "$(TARGET_NAME)";
				TEST_HOST = "$(BUILT_PRODUCTS_DIR)/Simple-Music-Player.app/Simple-Music-Player";
			};
			name = Release;
		};
/* End XCBuildConfiguration section */

/* Begin XCConfigurationList section */
		224F76991B6C289600BC7B73 /* Build configuration list for PBXProject "Simple-Music-Player" */ = {
			isa = XCConfigurationList;
			buildConfigurations = (
				224F76BF1B6C289600BC7B73 /* Debug */,
				224F76C01B6C289600BC7B73 /* Release */,
			);
			defaultConfigurationIsVisible = 0;
			defaultConfigurationName = Release;
		};
		224F76C11B6C289600BC7B73 /* Build configuration list for PBXNativeTarget "Simple-Music-Player" */ = {
			isa = XCConfigurationList;
			buildConfigurations = (
				224F76C21B6C289600BC7B73 /* Debug */,
				224F76C31B6C289600BC7B73 /* Release */,
			);
			defaultConfigurationIsVisible = 0;
			defaultConfigurationName = Release;
		};
		224F76C41B6C289600BC7B73 /* Build configuration list for PBXNativeTarget "Simple-Music-PlayerTests" */ = {
			isa = XCConfigurationList;
			buildConfigurations = (
				224F76C51B6C289600BC7B73 /* Debug */,
				224F76C61B6C289600BC7B73 /* Release */,
			);
			defaultConfigurationIsVisible = 0;
			defaultConfigurationName = Release;
		};
/* End XCConfigurationList section */
	};
	rootObject = 224F76961B6C289600BC7B73 /* Project object */;
}
